
Microsoft Visual Studio Solution File, Format Version 12.00
# Visual Studio Version 17
VisualStudioVersion = 17.11.35303.130
MinimumVisualStudioVersion = 10.0.40219.1
Project("{FAE04EC0-301F-11D3-BF4B-00C04F79EFBC}") = "laba 7", "laba 7.csproj", "{634158CD-0551-42C0-8EA6-631DFBF44C1F}"
EndProject
Global
	GlobalSection(SolutionConfigurationPlatforms) = preSolution
		Debug|Any CPU = Debug|Any CPU
		Release|Any CPU = Release|Any CPU
	EndGlobalSection
	GlobalSection(ProjectConfigurationPlatforms) = postSolution
		{634158CD-0551-42C0-8EA6-631DFBF44C1F}.Debug|Any CPU.ActiveCfg = Debug|Any CPU
		{634158CD-0551-42C0-8EA6-631DFBF44C1F}.Debug|Any CPU.Build.0 = Debug|Any CPU
		{634158CD-0551-42C0-8EA6-631DFBF44C1F}.Release|Any CPU.ActiveCfg = Release|Any CPU
		{634158CD-0551-42C0-8EA6-631DFBF44C1F}.Release|Any CPU.Build.0 = Release|Any CPU
	EndGlobalSection
	GlobalSection(SolutionProperties) = preSolution
		HideSolutionNode = FALSE
	EndGlobalSection
	GlobalSection(ExtensibilityGlobals) = postSolution
		SolutionGuid = {DFB267A1-16DF-48A7-8847-F006A259EF25}
	EndGlobalSection
EndGlobal
